
Microsoft Visual Studio Solution File, Format Version 12.00
# Visual Studio Version 16
VisualStudioVersion = 16.0.30717.126
MinimumVisualStudioVersion = 10.0.40219.1
Project("{FAE04EC0-301F-11D3-BF4B-00C04F79EFBC}") = "Forum", "Forum.csproj", "{FEFB9241-2CCA-4C95-A820-7C5D2E6F4165}"
EndProject
Global
	GlobalSection(SolutionConfigurationPlatforms) = preSolution
		Debug|Any CPU = Debug|Any CPU
		Release|Any CPU = Release|Any CPU
	EndGlobalSection
	GlobalSection(ProjectConfigurationPlatforms) = postSolution
		{FEFB9241-2CCA-4C95-A820-7C5D2E6F4165}.Debug|Any CPU.ActiveCfg = Debug|Any CPU
		{FEFB9241-2CCA-4C95-A820-7C5D2E6F4165}.Debug|Any CPU.Build.0 = Debug|Any CPU
		{FEFB9241-2CCA-4C95-A820-7C5D2E6F4165}.Release|Any CPU.ActiveCfg = Release|Any CPU
		{FEFB9241-2CCA-4C95-A820-7C5D2E6F4165}.Release|Any CPU.Build.0 = Release|Any CPU
	EndGlobalSection
	GlobalSection(SolutionProperties) = preSolution
		HideSolutionNode = FALSE
	EndGlobalSection
	GlobalSection(ExtensibilityGlobals) = postSolution
		SolutionGuid = {C48DB1B9-6F90-4DCA-974B-B92FED3C1CB0}
	EndGlobalSection
EndGlobal
